
Microsoft Visual Studio Solution File, Format Version 12.00
# Visual Studio Version 16
VisualStudioVersion = 16.0.30114.105
MinimumVisualStudioVersion = 10.0.40219.1
Project("{9A19103F-16F7-4668-BE54-9A1E7A4F7556}") = "CBA.Training.Talmate.Web", "CBA.Training.Talmate.Web\CBA.Training.Talmate.Web.csproj", "{A05EC09B-66EB-4F98-AD6E-B21998634D2B}"
EndProject
Project("{FAE04EC0-301F-11D3-BF4B-00C04F79EFBC}") = "CBA.Training.Talmate.Web.UnitTests", "CBA.Training.Talmate.Web.UnitTests\CBA.Training.Talmate.Web.UnitTests.csproj", "{30DDBC24-3942-4FD4-8606-173E5D021E70}"
EndProject
Global
	GlobalSection(SolutionConfigurationPlatforms) = preSolution
		Debug|Any CPU = Debug|Any CPU
		Release|Any CPU = Release|Any CPU
	EndGlobalSection
	GlobalSection(ProjectConfigurationPlatforms) = postSolution
		{A05EC09B-66EB-4F98-AD6E-B21998634D2B}.Debug|Any CPU.ActiveCfg = Debug|Any CPU
		{A05EC09B-66EB-4F98-AD6E-B21998634D2B}.Debug|Any CPU.Build.0 = Debug|Any CPU
		{A05EC09B-66EB-4F98-AD6E-B21998634D2B}.Release|Any CPU.ActiveCfg = Release|Any CPU
		{A05EC09B-66EB-4F98-AD6E-B21998634D2B}.Release|Any CPU.Build.0 = Release|Any CPU
		{30DDBC24-3942-4FD4-8606-173E5D021E70}.Debug|Any CPU.ActiveCfg = Debug|Any CPU
		{30DDBC24-3942-4FD4-8606-173E5D021E70}.Debug|Any CPU.Build.0 = Debug|Any CPU
		{30DDBC24-3942-4FD4-8606-173E5D021E70}.Release|Any CPU.ActiveCfg = Release|Any CPU
		{30DDBC24-3942-4FD4-8606-173E5D021E70}.Release|Any CPU.Build.0 = Release|Any CPU
	EndGlobalSection
	GlobalSection(SolutionProperties) = preSolution
		HideSolutionNode = FALSE
	EndGlobalSection
	GlobalSection(ExtensibilityGlobals) = postSolution
		SolutionGuid = {74E83C48-2F22-4B7C-9DC8-FD96CECD023C}
	EndGlobalSection
EndGlobal
